// !$*UTF8*$!
{
	archiveVersion = 1;
	classes = {
	};
	objectVersion = 56;
	objects = {

/* Begin PBXBuildFile section */
		053140E02C4E3BCA006AA0F8 /* SwiftUIDemoApp.swift in Sources */ = {isa = PBXBuildFile; fileRef = 053140DF2C4E3BCA006AA0F8 /* SwiftUIDemoApp.swift */; };
		053140E22C4E3BCA006AA0F8 /* ContentView.swift in Sources */ = {isa = PBXBuildFile; fileRef = 053140E12C4E3BCA006AA0F8 /* ContentView.swift */; };
		053140E42C4E3BCB006AA0F8 /* Assets.xcassets in Resources */ = {isa = PBXBuildFile; fileRef = 053140E32C4E3BCB006AA0F8 /* Assets.xcassets */; };
		053140E72C4E3BCB006AA0F8 /* Preview Assets.xcassets in Resources */ = {isa = PBXBuildFile; fileRef = 053140E62C4E3BCB006AA0F8 /* Preview Assets.xcassets */; };
		053140F12C4E3BCC006AA0F8 /* SwiftUIDemoTests.swift in Sources */ = {isa = PBXBuildFile; fileRef = 053140F02C4E3BCC006AA0F8 /* SwiftUIDemoTests.swift */; };
		053140FB2C4E3BCC006AA0F8 /* SwiftUIDemoUITests.swift in Sources */ = {isa = PBXBuildFile; fileRef = 053140FA2C4E3BCC006AA0F8 /* SwiftUIDemoUITests.swift */; };
		053140FD2C4E3BCC006AA0F8 /* SwiftUIDemoUITestsLaunchTests.swift in Sources */ = {isa = PBXBuildFile; fileRef = 053140FC2C4E3BCC006AA0F8 /* SwiftUIDemoUITestsLaunchTests.swift */; };
		0531410A2C4F4D9C006AA0F8 /* CircleImage.swift in Sources */ = {isa = PBXBuildFile; fileRef = 053141092C4F4D9C006AA0F8 /* CircleImage.swift */; };
		0531410C2C4F4E84006AA0F8 /* MapView.swift in Sources */ = {isa = PBXBuildFile; fileRef = 0531410B2C4F4E84006AA0F8 /* MapView.swift */; };
		0531410E2C5391AB006AA0F8 /* landmarkData.json in Resources */ = {isa = PBXBuildFile; fileRef = 0531410D2C5391AA006AA0F8 /* landmarkData.json */; };
		053141102C5391E0006AA0F8 /* Landmark.swift in Sources */ = {isa = PBXBuildFile; fileRef = 0531410F2C5391E0006AA0F8 /* Landmark.swift */; };
		0597E32E2C59BE43005F92DD /* ModelData.swift in Sources */ = {isa = PBXBuildFile; fileRef = 0597E32D2C59BE43005F92DD /* ModelData.swift */; };
		0597E3332C59C324005F92DD /* LandmarkRow.swift in Sources */ = {isa = PBXBuildFile; fileRef = 0597E3322C59C324005F92DD /* LandmarkRow.swift */; };
		0597E3372C59C4E7005F92DD /* LandmarkList.swift in Sources */ = {isa = PBXBuildFile; fileRef = 0597E3362C59C4E7005F92DD /* LandmarkList.swift */; };
		0597E3392C59C5A8005F92DD /* LandmarkDetail.swift in Sources */ = {isa = PBXBuildFile; fileRef = 0597E3382C59C5A8005F92DD /* LandmarkDetail.swift */; };
/* End PBXBuildFile section */

/* Begin PBXContainerItemProxy section */
		053140ED2C4E3BCB006AA0F8 /* PBXContainerItemProxy */ = {
			isa = PBXContainerItemProxy;
			containerPortal = 053140D42C4E3BCA006AA0F8 /* Project object */;
			proxyType = 1;
			remoteGlobalIDString = 053140DB2C4E3BCA006AA0F8;
			remoteInfo = SwiftUIDemo;
		};
		053140F72C4E3BCC006AA0F8 /* PBXContainerItemProxy */ = {
			isa = PBXContainerItemProxy;
			containerPortal = 053140D42C4E3BCA006AA0F8 /* Project object */;
			proxyType = 1;
			remoteGlobalIDString = 053140DB2C4E3BCA006AA0F8;
			remoteInfo = SwiftUIDemo;
		};
/* End PBXContainerItemProxy section */

/* Begin PBXFileReference section */
		053140DC2C4E3BCA006AA0F8 /* SwiftUIDemo.app */ = {isa = PBXFileReference; explicitFileType = wrapper.application; includeInIndex = 0; path = SwiftUIDemo.app; sourceTree = BUILT_PRODUCTS_DIR; };
		053140DF2C4E3BCA006AA0F8 /* SwiftUIDemoApp.swift */ = {isa = PBXFileReference; lastKnownFileType = sourcecode.swift; path = SwiftUIDemoApp.swift; sourceTree = "<group>"; };
		053140E12C4E3BCA006AA0F8 /* ContentView.swift */ = {isa = PBXFileReference; lastKnownFileType = sourcecode.swift; path = ContentView.swift; sourceTree = "<group>"; };
		053140E32C4E3BCB006AA0F8 /* Assets.xcassets */ = {isa = PBXFileReference; lastKnownFileType = folder.assetcatalog; path = Assets.xcassets; sourceTree = "<group>"; };
		053140E62C4E3BCB006AA0F8 /* Preview Assets.xcassets */ = {isa = PBXFileReference; lastKnownFileType = folder.assetcatalog; path = "Preview Assets.xcassets"; sourceTree = "<group>"; };
		053140EC2C4E3BCB006AA0F8 /* SwiftUIDemoTests.xctest */ = {isa = PBXFileReference; explicitFileType = wrapper.cfbundle; includeInIndex = 0; path = SwiftUIDemoTests.xctest; sourceTree = BUILT_PRODUCTS_DIR; };
		053140F02C4E3BCC006AA0F8 /* SwiftUIDemoTests.swift */ = {isa = PBXFileReference; lastKnownFileType = sourcecode.swift; path = SwiftUIDemoTests.swift; sourceTree = "<group>"; };
		053140F62C4E3BCC006AA0F8 /* SwiftUIDemoUITests.xctest */ = {isa = PBXFileReference; explicitFileType = wrapper.cfbundle; includeInIndex = 0; path = SwiftUIDemoUITests.xctest; sourceTree = BUILT_PRODUCTS_DIR; };
		053140FA2C4E3BCC006AA0F8 /* SwiftUIDemoUITests.swift */ = {isa = PBXFileReference; lastKnownFileType = sourcecode.swift; path = SwiftUIDemoUITests.swift; sourceTree = "<group>"; };
		053140FC2C4E3BCC006AA0F8 /* SwiftUIDemoUITestsLaunchTests.swift */ = {isa = PBXFileReference; lastKnownFileType = sourcecode.swift; path = SwiftUIDemoUITestsLaunchTests.swift; sourceTree = "<group>"; };
		053141092C4F4D9C006AA0F8 /* CircleImage.swift */ = {isa = PBXFileReference; lastKnownFileType = sourcecode.swift; path = CircleImage.swift; sourceTree = "<group>"; };
		0531410B2C4F4E84006AA0F8 /* MapView.swift */ = {isa = PBXFileReference; lastKnownFileType = sourcecode.swift; path = MapView.swift; sourceTree = "<group>"; };
		0531410D2C5391AA006AA0F8 /* landmarkData.json */ = {isa = PBXFileReference; fileEncoding = 4; lastKnownFileType = text.json; path = landmarkData.json; sourceTree = "<group>"; };
		0531410F2C5391E0006AA0F8 /* Landmark.swift */ = {isa = PBXFileReference; lastKnownFileType = sourcecode.swift; path = Landmark.swift; sourceTree = "<group>"; };
		0597E32D2C59BE43005F92DD /* ModelData.swift */ = {isa = PBXFileReference; lastKnownFileType = sourcecode.swift; path = ModelData.swift; sourceTree = "<group>"; };
		0597E3322C59C324005F92DD /* LandmarkRow.swift */ = {isa = PBXFileReference; lastKnownFileType = sourcecode.swift; path = LandmarkRow.swift; sourceTree = "<group>"; };
		0597E3362C59C4E7005F92DD /* LandmarkList.swift */ = {isa = PBXFileReference; lastKnownFileType = sourcecode.swift; path = LandmarkList.swift; sourceTree = "<group>"; };
		0597E3382C59C5A8005F92DD /* LandmarkDetail.swift */ = {isa = PBXFileReference; lastKnownFileType = sourcecode.swift; path = LandmarkDetail.swift; sourceTree = "<group>"; };
/* End PBXFileReference section */

/* Begin PBXFrameworksBuildPhase section */
		053140D92C4E3BCA006AA0F8 /* Frameworks */ = {
			isa = PBXFrameworksBuildPhase;
			buildActionMask = 2147483647;
			files = (
			);
			runOnlyForDeploymentPostprocessing = 0;
		};
		053140E92C4E3BCB006AA0F8 /* Frameworks */ = {
			isa = PBXFrameworksBuildPhase;
			buildActionMask = 2147483647;
			files = (
			);
			runOnlyForDeploymentPostprocessing = 0;
		};
		053140F32C4E3BCC006AA0F8 /* Frameworks */ = {
			isa = PBXFrameworksBuildPhase;
			buildActionMask = 2147483647;
			files = (
			);
			runOnlyForDeploymentPostprocessing = 0;
		};
/* End PBXFrameworksBuildPhase section */

/* Begin PBXGroup section */
		053140D32C4E3BCA006AA0F8 = {
			isa = PBXGroup;
			children = (
				053140DE2C4E3BCA006AA0F8 /* SwiftUIDemo */,
				053140EF2C4E3BCC006AA0F8 /* SwiftUIDemoTests */,
				053140F92C4E3BCC006AA0F8 /* SwiftUIDemoUITests */,
				053140DD2C4E3BCA006AA0F8 /* Products */,
			);
			sourceTree = "<group>";
		};
		053140DD2C4E3BCA006AA0F8 /* Products */ = {
			isa = PBXGroup;
			children = (
				053140DC2C4E3BCA006AA0F8 /* SwiftUIDemo.app */,
				053140EC2C4E3BCB006AA0F8 /* SwiftUIDemoTests.xctest */,
				053140F62C4E3BCC006AA0F8 /* SwiftUIDemoUITests.xctest */,
			);
			name = Products;
			sourceTree = "<group>";
		};
		053140DE2C4E3BCA006AA0F8 /* SwiftUIDemo */ = {
			isa = PBXGroup;
			children = (
				0597E32F2C59C11C005F92DD /* Views */,
				0597E3302C59C146005F92DD /* Model */,
				053140DF2C4E3BCA006AA0F8 /* SwiftUIDemoApp.swift */,
				0597E3312C59C158005F92DD /* Resources */,
				053140E32C4E3BCB006AA0F8 /* Assets.xcassets */,
				053140E52C4E3BCB006AA0F8 /* Preview Content */,
			);
			path = SwiftUIDemo;
			sourceTree = "<group>";
		};
		053140E52C4E3BCB006AA0F8 /* Preview Content */ = {
			isa = PBXGroup;
			children = (
				053140E62C4E3BCB006AA0F8 /* Preview Assets.xcassets */,
			);
			path = "Preview Content";
			sourceTree = "<group>";
		};
		053140EF2C4E3BCC006AA0F8 /* SwiftUIDemoTests */ = {
			isa = PBXGroup;
			children = (
				053140F02C4E3BCC006AA0F8 /* SwiftUIDemoTests.swift */,
			);
			path = SwiftUIDemoTests;
			sourceTree = "<group>";
		};
		053140F92C4E3BCC006AA0F8 /* SwiftUIDemoUITests */ = {
			isa = PBXGroup;
			children = (
				053140FA2C4E3BCC006AA0F8 /* SwiftUIDemoUITests.swift */,
				053140FC2C4E3BCC006AA0F8 /* SwiftUIDemoUITestsLaunchTests.swift */,
			);
			path = SwiftUIDemoUITests;
			sourceTree = "<group>";
		};
		0597E32F2C59C11C005F92DD /* Views */ = {
			isa = PBXGroup;
			children = (
				0531410B2C4F4E84006AA0F8 /* MapView.swift */,
				053141092C4F4D9C006AA0F8 /* CircleImage.swift */,
				053140E12C4E3BCA006AA0F8 /* ContentView.swift */,
				0597E3322C59C324005F92DD /* LandmarkRow.swift */,
				0597E3362C59C4E7005F92DD /* LandmarkList.swift */,
				0597E3382C59C5A8005F92DD /* LandmarkDetail.swift */,
			);
			path = Views;
			sourceTree = "<group>";
		};
		0597E3302C59C146005F92DD /* Model */ = {
			isa = PBXGroup;
			children = (
				0531410F2C5391E0006AA0F8 /* Landmark.swift */,
				0597E32D2C59BE43005F92DD /* ModelData.swift */,
			);
			path = Model;
			sourceTree = "<group>";
		};
		0597E3312C59C158005F92DD /* Resources */ = {
			isa = PBXGroup;
			children = (
				0531410D2C5391AA006AA0F8 /* landmarkData.json */,
			);
			path = Resources;
			sourceTree = "<group>";
		};
/* End PBXGroup section */

/* Begin PBXNativeTarget section */
		053140DB2C4E3BCA006AA0F8 /* SwiftUIDemo */ = {
			isa = PBXNativeTarget;
			buildConfigurationList = 053141002C4E3BCC006AA0F8 /* Build configuration list for PBXNativeTarget "SwiftUIDemo" */;
			buildPhases = (
				053140D82C4E3BCA006AA0F8 /* Sources */,
				053140D92C4E3BCA006AA0F8 /* Frameworks */,
				053140DA2C4E3BCA006AA0F8 /* Resources */,
			);
			buildRules = (
			);
			dependencies = (
			);
			name = SwiftUIDemo;
			productName = SwiftUIDemo;
			productReference = 053140DC2C4E3BCA006AA0F8 /* SwiftUIDemo.app */;
			productType = "com.apple.product-type.application";
		};
		053140EB2C4E3BCB006AA0F8 /* SwiftUIDemoTests */ = {
			isa = PBXNativeTarget;
			buildConfigurationList = 053141032C4E3BCC006AA0F8 /* Build configuration list for PBXNativeTarget "SwiftUIDemoTests" */;
			buildPhases = (
				053140E82C4E3BCB006AA0F8 /* Sources */,
				053140E92C4E3BCB006AA0F8 /* Frameworks */,
				053140EA2C4E3BCB006AA0F8 /* Resources */,
			);
			buildRules = (
			);
			dependencies = (
				053140EE2C4E3BCB006AA0F8 /* PBXTargetDependency */,
			);
			name = SwiftUIDemoTests;
			productName = SwiftUIDemoTests;
			productReference = 053140EC2C4E3BCB006AA0F8 /* SwiftUIDemoTests.xctest */;
			productType = "com.apple.product-type.bundle.unit-test";
		};
		053140F52C4E3BCC006AA0F8 /* SwiftUIDemoUITests */ = {
			isa = PBXNativeTarget;
			buildConfigurationList = 053141062C4E3BCC006AA0F8 /* Build configuration list for PBXNativeTarget "SwiftUIDemoUITests" */;
			buildPhases = (
				053140F22C4E3BCC006AA0F8 /* Sources */,
				053140F32C4E3BCC006AA0F8 /* Frameworks */,
				053140F42C4E3BCC006AA0F8 /* Resources */,
			);
			buildRules = (
			);
			dependencies = (
				053140F82C4E3BCC006AA0F8 /* PBXTargetDependency */,
			);
			name = SwiftUIDemoUITests;
			productName = SwiftUIDemoUITests;
			productReference = 053140F62C4E3BCC006AA0F8 /* SwiftUIDemoUITests.xctest */;
			productType = "com.apple.product-type.bundle.ui-testing";
		};
/* End PBXNativeTarget section */

/* Begin PBXProject section */
		053140D42C4E3BCA006AA0F8 /* Project object */ = {
			isa = PBXProject;
			attributes = {
				BuildIndependentTargetsInParallel = 1;
				LastSwiftUpdateCheck = 1520;
				LastUpgradeCheck = 1520;
				TargetAttributes = {
					053140DB2C4E3BCA006AA0F8 = {
						CreatedOnToolsVersion = 15.2;
					};
					053140EB2C4E3BCB006AA0F8 = {
						CreatedOnToolsVersion = 15.2;
						TestTargetID = 053140DB2C4E3BCA006AA0F8;
					};
					053140F52C4E3BCC006AA0F8 = {
						CreatedOnToolsVersion = 15.2;
						TestTargetID = 053140DB2C4E3BCA006AA0F8;
					};
				};
			};
			buildConfigurationList = 053140D72C4E3BCA006AA0F8 /* Build configuration list for PBXProject "SwiftUIDemo" */;
			compatibilityVersion = "Xcode 14.0";
			developmentRegion = en;
			hasScannedForEncodings = 0;
			knownRegions = (
				en,
				Base,
			);
			mainGroup = 053140D32C4E3BCA006AA0F8;
			productRefGroup = 053140DD2C4E3BCA006AA0F8 /* Products */;
			projectDirPath = "";
			projectRoot = "";
			targets = (
				053140DB2C4E3BCA006AA0F8 /* SwiftUIDemo */,
				053140EB2C4E3BCB006AA0F8 /* SwiftUIDemoTests */,
				053140F52C4E3BCC006AA0F8 /* SwiftUIDemoUITests */,
			);
		};
/* End PBXProject section */

/* Begin PBXResourcesBuildPhase section */
		053140DA2C4E3BCA006AA0F8 /* Resources */ = {
			isa = PBXResourcesBuildPhase;
			buildActionMask = 2147483647;
			files = (
				053140E72C4E3BCB006AA0F8 /* Preview Assets.xcassets in Resources */,
				053140E42C4E3BCB006AA0F8 /* Assets.xcassets in Resources */,
				0531410E2C5391AB006AA0F8 /* landmarkData.json in Resources */,
			);
			runOnlyForDeploymentPostprocessing = 0;
		};
		053140EA2C4E3BCB006AA0F8 /* Resources */ = {
			isa = PBXResourcesBuildPhase;
			buildActionMask = 2147483647;
			files = (
			);
			runOnlyForDeploymentPostprocessing = 0;
		};
		053140F42C4E3BCC006AA0F8 /* Resources */ = {
			isa = PBXResourcesBuildPhase;
			buildActionMask = 2147483647;
			files = (
			);
			runOnlyForDeploymentPostprocessing = 0;
		};
/* End PBXResourcesBuildPhase section */

/* Begin PBXSourcesBuildPhase section */
		053140D82C4E3BCA006AA0F8 /* Sources */ = {
			isa = PBXSourcesBuildPhase;
			buildActionMask = 2147483647;
			files = (
				053140E22C4E3BCA006AA0F8 /* ContentView.swift in Sources */,
				0531410C2C4F4E84006AA0F8 /* MapView.swift in Sources */,
				053140E02C4E3BCA006AA0F8 /* SwiftUIDemoApp.swift in Sources */,
				0597E3372C59C4E7005F92DD /* LandmarkList.swift in Sources */,
				0597E3392C59C5A8005F92DD /* LandmarkDetail.swift in Sources */,
				0531410A2C4F4D9C006AA0F8 /* CircleImage.swift in Sources */,
				053141102C5391E0006AA0F8 /* Landmark.swift in Sources */,
				0597E3332C59C324005F92DD /* LandmarkRow.swift in Sources */,
				0597E32E2C59BE43005F92DD /* ModelData.swift in Sources */,
			);
			runOnlyForDeploymentPostprocessing = 0;
		};
		053140E82C4E3BCB006AA0F8 /* Sources */ = {
			isa = PBXSourcesBuildPhase;
			buildActionMask = 2147483647;
			files = (
				053140F12C4E3BCC006AA0F8 /* SwiftUIDemoTests.swift in Sources */,
			);
			runOnlyForDeploymentPostprocessing = 0;
		};
		053140F22C4E3BCC006AA0F8 /* Sources */ = {
			isa = PBXSourcesBuildPhase;
			buildActionMask = 2147483647;
			files = (
				053140FB2C4E3BCC006AA0F8 /* SwiftUIDemoUITests.swift in Sources */,
				053140FD2C4E3BCC006AA0F8 /* SwiftUIDemoUITestsLaunchTests.swift in Sources */,
			);
			runOnlyForDeploymentPostprocessing = 0;
		};
/* End PBXSourcesBuildPhase section */

/* Begin PBXTargetDependency section */
		053140EE2C4E3BCB006AA0F8 /* PBXTargetDependency */ = {
			isa = PBXTargetDependency;
			target = 053140DB2C4E3BCA006AA0F8 /* SwiftUIDemo */;
			targetProxy = 053140ED2C4E3BCB006AA0F8 /* PBXContainerItemProxy */;
		};
		053140F82C4E3BCC006AA0F8 /* PBXTargetDependency */ = {
			isa = PBXTargetDependency;
			target = 053140DB2C4E3BCA006AA0F8 /* SwiftUIDemo */;
			targetProxy = 053140F72C4E3BCC006AA0F8 /* PBXContainerItemProxy */;
		};
/* End PBXTargetDependency section */

/* Begin XCBuildConfiguration section */
		053140FE2C4E3BCC006AA0F8 /* Debug */ = {
			isa = XCBuildConfiguration;
			buildSettings = {
				ALWAYS_SEARCH_USER_PATHS = NO;
				ASSETCATALOG_COMPILER_GENERATE_SWIFT_ASSET_SYMBOL_EXTENSIONS = YES;
				CLANG_ANALYZER_NONNULL = YES;
				CLANG_ANALYZER_NUMBER_OBJECT_CONVERSION = YES_AGGRESSIVE;
				CLANG_CXX_LANGUAGE_STANDARD = "gnu++20";
				CLANG_ENABLE_MODULES = YES;
				CLANG_ENABLE_OBJC_ARC = YES;
				CLANG_ENABLE_OBJC_WEAK = YES;
				CLANG_WARN_BLOCK_CAPTURE_AUTORELEASING = YES;
				CLANG_WARN_BOOL_CONVERSION = YES;
				CLANG_WARN_COMMA = YES;
				CLANG_WARN_CONSTANT_CONVERSION = YES;
				CLANG_WARN_DEPRECATED_OBJC_IMPLEMENTATIONS = YES;
				CLANG_WARN_DIRECT_OBJC_ISA_USAGE = YES_ERROR;
				CLANG_WARN_DOCUMENTATION_COMMENTS = YES;
				CLANG_WARN_EMPTY_BODY = YES;
				CLANG_WARN_ENUM_CONVERSION = YES;
				CLANG_WARN_INFINITE_RECURSION = YES;
				CLANG_WARN_INT_CONVERSION = YES;
				CLANG_WARN_NON_LITERAL_NULL_CONVERSION = YES;
				CLANG_WARN_OBJC_IMPLICIT_RETAIN_SELF = YES;
				CLANG_WARN_OBJC_LITERAL_CONVERSION = YES;
				CLANG_WARN_OBJC_ROOT_CLASS = YES_ERROR;
				CLANG_WARN_QUOTED_INCLUDE_IN_FRAMEWORK_HEADER = YES;
				CLANG_WARN_RANGE_LOOP_ANALYSIS = YES;
				CLANG_WARN_STRICT_PROTOTYPES = YES;
				CLANG_WARN_SUSPICIOUS_MOVE = YES;
				CLANG_WARN_UNGUARDED_AVAILABILITY = YES_AGGRESSIVE;
				CLANG_WARN_UNREACHABLE_CODE = YES;
				CLANG_WARN__DUPLICATE_METHOD_MATCH = YES;
				COPY_PHASE_STRIP = NO;
				DEBUG_INFORMATION_FORMAT = dwarf;
				ENABLE_STRICT_OBJC_MSGSEND = YES;
				ENABLE_TESTABILITY = YES;
				ENABLE_USER_SCRIPT_SANDBOXING = YES;
				GCC_C_LANGUAGE_STANDARD = gnu17;
				GCC_DYNAMIC_NO_PIC = NO;
				GCC_NO_COMMON_BLOCKS = YES;
				GCC_OPTIMIZATION_LEVEL = 0;
				GCC_PREPROCESSOR_DEFINITIONS = (
					"DEBUG=1",
					"$(inherited)",
				);
				GCC_WARN_64_TO_32_BIT_CONVERSION = YES;
				GCC_WARN_ABOUT_RETURN_TYPE = YES_ERROR;
				GCC_WARN_UNDECLARED_SELECTOR = YES;
				GCC_WARN_UNINITIALIZED_AUTOS = YES_AGGRESSIVE;
				GCC_WARN_UNUSED_FUNCTION = YES;
				GCC_WARN_UNUSED_VARIABLE = YES;
				IPHONEOS_DEPLOYMENT_TARGET = 17.2;
				LOCALIZATION_PREFERS_STRING_CATALOGS = YES;
				MTL_ENABLE_DEBUG_INFO = INCLUDE_SOURCE;
				MTL_FAST_MATH = YES;
				ONLY_ACTIVE_ARCH = YES;
				SDKROOT = iphoneos;
				SWIFT_ACTIVE_COMPILATION_CONDITIONS = "DEBUG $(inherited)";
				SWIFT_OPTIMIZATION_LEVEL = "-Onone";
			};
			name = Debug;
		};
		053140FF2C4E3BCC006AA0F8 /* Release */ = {
			isa = XCBuildConfiguration;
			buildSettings = {
				ALWAYS_SEARCH_USER_PATHS = NO;
				ASSETCATALOG_COMPILER_GENERATE_SWIFT_ASSET_SYMBOL_EXTENSIONS = YES;
				CLANG_ANALYZER_NONNULL = YES;
				CLANG_ANALYZER_NUMBER_OBJECT_CONVERSION = YES_AGGRESSIVE;
				CLANG_CXX_LANGUAGE_STANDARD = "gnu++20";
				CLANG_ENABLE_MODULES = YES;
				CLANG_ENABLE_OBJC_ARC = YES;
				CLANG_ENABLE_OBJC_WEAK = YES;
				CLANG_WARN_BLOCK_CAPTURE_AUTORELEASING = YES;
				CLANG_WARN_BOOL_CONVERSION = YES;
				CLANG_WARN_COMMA = YES;
				CLANG_WARN_CONSTANT_CONVERSION = YES;
				CLANG_WARN_DEPRECATED_OBJC_IMPLEMENTATIONS = YES;
				CLANG_WARN_DIRECT_OBJC_ISA_USAGE = YES_ERROR;
				CLANG_WARN_DOCUMENTATION_COMMENTS = YES;
				CLANG_WARN_EMPTY_BODY = YES;
				CLANG_WARN_ENUM_CONVERSION = YES;
				CLANG_WARN_INFINITE_RECURSION = YES;
				CLANG_WARN_INT_CONVERSION = YES;
				CLANG_WARN_NON_LITERAL_NULL_CONVERSION = YES;
				CLANG_WARN_OBJC_IMPLICIT_RETAIN_SELF = YES;
				CLANG_WARN_OBJC_LITERAL_CONVERSION = YES;
				CLANG_WARN_OBJC_ROOT_CLASS = YES_ERROR;
				CLANG_WARN_QUOTED_INCLUDE_IN_FRAMEWORK_HEADER = YES;
				CLANG_WARN_RANGE_LOOP_ANALYSIS = YES;
				CLANG_WARN_STRICT_PROTOTYPES = YES;
				CLANG_WARN_SUSPICIOUS_MOVE = YES;
				CLANG_WARN_UNGUARDED_AVAILABILITY = YES_AGGRESSIVE;
				CLANG_WARN_UNREACHABLE_CODE = YES;
				CLANG_WARN__DUPLICATE_METHOD_MATCH = YES;
				COPY_PHASE_STRIP = NO;
				DEBUG_INFORMATION_FORMAT = "dwarf-with-dsym";
				ENABLE_NS_ASSERTIONS = NO;
				ENABLE_STRICT_OBJC_MSGSEND = YES;
				ENABLE_USER_SCRIPT_SANDBOXING = YES;
				GCC_C_LANGUAGE_STANDARD = gnu17;
				GCC_NO_COMMON_BLOCKS = YES;
				GCC_WARN_64_TO_32_BIT_CONVERSION = YES;
				GCC_WARN_ABOUT_RETURN_TYPE = YES_ERROR;
				GCC_WARN_UNDECLARED_SELECTOR = YES;
				GCC_WARN_UNINITIALIZED_AUTOS = YES_AGGRESSIVE;
				GCC_WARN_UNUSED_FUNCTION = YES;
				GCC_WARN_UNUSED_VARIABLE = YES;
				IPHONEOS_DEPLOYMENT_TARGET = 17.2;
				LOCALIZATION_PREFERS_STRING_CATALOGS = YES;
				MTL_ENABLE_DEBUG_INFO = NO;
				MTL_FAST_MATH = YES;
				SDKROOT = iphoneos;
				SWIFT_COMPILATION_MODE = wholemodule;
				VALIDATE_PRODUCT = YES;
			};
			name = Release;
		};
		053141012C4E3BCC006AA0F8 /* Debug */ = {
			isa = XCBuildConfiguration;
			buildSettings = {
				ASSETCATALOG_COMPILER_APPICON_NAME = AppIcon;
				ASSETCATALOG_COMPILER_GLOBAL_ACCENT_COLOR_NAME = AccentColor;
				CODE_SIGN_STYLE = Automatic;
				CURRENT_PROJECT_VERSION = 1;
				DEVELOPMENT_ASSET_PATHS = "\"SwiftUIDemo/Preview Content\"";
				DEVELOPMENT_TEAM = MV9LG898F6;
				ENABLE_PREVIEWS = YES;
				GENERATE_INFOPLIST_FILE = YES;
				INFOPLIST_KEY_UIApplicationSceneManifest_Generation = YES;
				INFOPLIST_KEY_UIApplicationSupportsIndirectInputEvents = YES;
				INFOPLIST_KEY_UILaunchScreen_Generation = YES;
				INFOPLIST_KEY_UISupportedInterfaceOrientations_iPad = "UIInterfaceOrientationPortrait UIInterfaceOrientationPortraitUpsideDown UIInterfaceOrientationLandscapeLeft UIInterfaceOrientationLandscapeRight";
				INFOPLIST_KEY_UISupportedInterfaceOrientations_iPhone = "UIInterfaceOrientationPortrait UIInterfaceOrientationLandscapeLeft UIInterfaceOrientationLandscapeRight";
				LD_RUNPATH_SEARCH_PATHS = (
					"$(inherited)",
					"@executable_path/Frameworks",
				);
				MARKETING_VERSION = 1.0;
				PRODUCT_BUNDLE_IDENTIFIER = com.daikynguyen.SwiftUIDemo;
				PRODUCT_NAME = "$(TARGET_NAME)";
				SWIFT_EMIT_LOC_STRINGS = YES;
				SWIFT_VERSION = 5.0;
				TARGETED_DEVICE_FAMILY = "1,2";
			};
			name = Debug;
		};
		053141022C4E3BCC006AA0F8 /* Release */ = {
			isa = XCBuildConfiguration;
			buildSettings = {
				ASSETCATALOG_COMPILER_APPICON_NAME = AppIcon;
				ASSETCATALOG_COMPILER_GLOBAL_ACCENT_COLOR_NAME = AccentColor;
				CODE_SIGN_STYLE = Automatic;
				CURRENT_PROJECT_VERSION = 1;
				DEVELOPMENT_ASSET_PATHS = "\"SwiftUIDemo/Preview Content\"";
				DEVELOPMENT_TEAM = MV9LG898F6;
				ENABLE_PREVIEWS = YES;
				GENERATE_INFOPLIST_FILE = YES;
				INFOPLIST_KEY_UIApplicationSceneManifest_Generation = YES;
				INFOPLIST_KEY_UIApplicationSupportsIndirectInputEvents = YES;
				INFOPLIST_KEY_UILaunchScreen_Generation = YES;
				INFOPLIST_KEY_UISupportedInterfaceOrientations_iPad = "UIInterfaceOrientationPortrait UIInterfaceOrientationPortraitUpsideDown UIInterfaceOrientationLandscapeLeft UIInterfaceOrientationLandscapeRight";
				INFOPLIST_KEY_UISupportedInterfaceOrientations_iPhone = "UIInterfaceOrientationPortrait UIInterfaceOrientationLandscapeLeft UIInterfaceOrientationLandscapeRight";
				LD_RUNPATH_SEARCH_PATHS = (
					"$(inherited)",
					"@executable_path/Frameworks",
				);
				MARKETING_VERSION = 1.0;
				PRODUCT_BUNDLE_IDENTIFIER = com.daikynguyen.SwiftUIDemo;
				PRODUCT_NAME = "$(TARGET_NAME)";
				SWIFT_EMIT_LOC_STRINGS = YES;
				SWIFT_VERSION = 5.0;
				TARGETED_DEVICE_FAMILY = "1,2";
			};
			name = Release;
		};
		053141042C4E3BCC006AA0F8 /* Debug */ = {
			isa = XCBuildConfiguration;
			buildSettings = {
				ALWAYS_EMBED_SWIFT_STANDARD_LIBRARIES = YES;
				BUNDLE_LOADER = "$(TEST_HOST)";
				CODE_SIGN_STYLE = Automatic;
				CURRENT_PROJECT_VERSION = 1;
				DEVELOPMENT_TEAM = MV9LG898F6;
				GENERATE_INFOPLIST_FILE = YES;
				IPHONEOS_DEPLOYMENT_TARGET = 17.2;
				MARKETING_VERSION = 1.0;
				PRODUCT_BUNDLE_IDENTIFIER = com.daikynguyen.SwiftUIDemoTests;
				PRODUCT_NAME = "$(TARGET_NAME)";
				SWIFT_EMIT_LOC_STRINGS = NO;
				SWIFT_VERSION = 5.0;
				TARGETED_DEVICE_FAMILY = "1,2";
				TEST_HOST = "$(BUILT_PRODUCTS_DIR)/SwiftUIDemo.app/$(BUNDLE_EXECUTABLE_FOLDER_PATH)/SwiftUIDemo";
			};
			name = Debug;
		};
		053141052C4E3BCC006AA0F8 /* Release */ = {
			isa = XCBuildConfiguration;
			buildSettings = {
				ALWAYS_EMBED_SWIFT_STANDARD_LIBRARIES = YES;
				BUNDLE_LOADER = "$(TEST_HOST)";
				CODE_SIGN_STYLE = Automatic;
				CURRENT_PROJECT_VERSION = 1;
				DEVELOPMENT_TEAM = MV9LG898F6;
				GENERATE_INFOPLIST_FILE = YES;
				IPHONEOS_DEPLOYMENT_TARGET = 17.2;
				MARKETING_VERSION = 1.0;
				PRODUCT_BUNDLE_IDENTIFIER = com.daikynguyen.SwiftUIDemoTests;
				PRODUCT_NAME = "$(TARGET_NAME)";
				SWIFT_EMIT_LOC_STRINGS = NO;
				SWIFT_VERSION = 5.0;
				TARGETED_DEVICE_FAMILY = "1,2";
				TEST_HOST = "$(BUILT_PRODUCTS_DIR)/SwiftUIDemo.app/$(BUNDLE_EXECUTABLE_FOLDER_PATH)/SwiftUIDemo";
			};
			name = Release;
		};
		053141072C4E3BCC006AA0F8 /* Debug */ = {
			isa = XCBuildConfiguration;
			buildSettings = {
				ALWAYS_EMBED_SWIFT_STANDARD_LIBRARIES = YES;
				CODE_SIGN_STYLE = Automatic;
				CURRENT_PROJECT_VERSION = 1;
				DEVELOPMENT_TEAM = MV9LG898F6;
				GENERATE_INFOPLIST_FILE = YES;
				MARKETING_VERSION = 1.0;
				PRODUCT_BUNDLE_IDENTIFIER = com.daikynguyen.SwiftUIDemoUITests;
				PRODUCT_NAME = "$(TARGET_NAME)";
				SWIFT_EMIT_LOC_STRINGS = NO;
				SWIFT_VERSION = 5.0;
				TARGETED_DEVICE_FAMILY = "1,2";
				TEST_TARGET_NAME = SwiftUIDemo;
			};
			name = Debug;
		};
		053141082C4E3BCC006AA0F8 /* Release */ = {
			isa = XCBuildConfiguration;
			buildSettings = {
				ALWAYS_EMBED_SWIFT_STANDARD_LIBRARIES = YES;
				CODE_SIGN_STYLE = Automatic;
				CURRENT_PROJECT_VERSION = 1;
				DEVELOPMENT_TEAM = MV9LG898F6;
				GENERATE_INFOPLIST_FILE = YES;
				MARKETING_VERSION = 1.0;
				PRODUCT_BUNDLE_IDENTIFIER = com.daikynguyen.SwiftUIDemoUITests;
				PRODUCT_NAME = "$(TARGET_NAME)";
				SWIFT_EMIT_LOC_STRINGS = NO;
				SWIFT_VERSION = 5.0;
				TARGETED_DEVICE_FAMILY = "1,2";
				TEST_TARGET_NAME = SwiftUIDemo;
			};
			name = Release;
		};
/* End XCBuildConfiguration section */

/* Begin XCConfigurationList section */
		053140D72C4E3BCA006AA0F8 /* Build configuration list for PBXProject "SwiftUIDemo" */ = {
			isa = XCConfigurationList;
			buildConfigurations = (
				053140FE2C4E3BCC006AA0F8 /* Debug */,
				053140FF2C4E3BCC006AA0F8 /* Release */,
			);
			defaultConfigurationIsVisible = 0;
			defaultConfigurationName = Release;
		};
		053141002C4E3BCC006AA0F8 /* Build configuration list for PBXNativeTarget "SwiftUIDemo" */ = {
			isa = XCConfigurationList;
			buildConfigurations = (
				053141012C4E3BCC006AA0F8 /* Debug */,
				053141022C4E3BCC006AA0F8 /* Release */,
			);
			defaultConfigurationIsVisible = 0;
			defaultConfigurationName = Release;
		};
		053141032C4E3BCC006AA0F8 /* Build configuration list for PBXNativeTarget "SwiftUIDemoTests" */ = {
			isa = XCConfigurationList;
			buildConfigurations = (
				053141042C4E3BCC006AA0F8 /* Debug */,
				053141052C4E3BCC006AA0F8 /* Release */,
			);
			defaultConfigurationIsVisible = 0;
			defaultConfigurationName = Release;
		};
		053141062C4E3BCC006AA0F8 /* Build configuration list for PBXNativeTarget "SwiftUIDemoUITests" */ = {
			isa = XCConfigurationList;
			buildConfigurations = (
				053141072C4E3BCC006AA0F8 /* Debug */,
				053141082C4E3BCC006AA0F8 /* Release */,
			);
			defaultConfigurationIsVisible = 0;
			defaultConfigurationName = Release;
		};
/* End XCConfigurationList section */
	};
	rootObject = 053140D42C4E3BCA006AA0F8 /* Project object */;
}
